
Microsoft Visual Studio Solution File, Format Version 12.00
# Visual Studio Version 16
VisualStudioVersion = 25.0.1703.0
MinimumVisualStudioVersion = 10.0.40219.1
Project("{FAE04EC0-301F-11D3-BF4B-00C04F79EFBC}") = "Bookstore.Web", "Bookstore.Web\Bookstore.Web.csproj", "{0168B27A-307B-4C8D-BB48-164903063AEC}"
EndProject
Project("{FAE04EC0-301F-11D3-BF4B-00C04F79EFBC}") = "Bookstore.Application", "Bookstore.Application\Bookstore.Application.csproj", "{49B6E52C-BF20-4433-99DC-6B7559FE0A88}"
EndProject
Project("{FAE04EC0-301F-11D3-BF4B-00C04F79EFBC}") = "Bookstore.Infrastructure", "Bookstore.Infrastructure\Bookstore.Infrastructure.csproj", "{8E0DEFC3-2326-4DE1-9C91-A068BB9C528C}"
EndProject
Project("{FAE04EC0-301F-11D3-BF4B-00C04F79EFBC}") = "Bookstore.Domain", "Bookstore.Domain\Bookstore.Domain.csproj", "{3C69B43A-B350-48C8-B2B1-62D96D76EBAD}"
EndProject
Project("{2150E333-8FDC-42A3-9474-1A3956D46DE8}") = "Core", "Core", "{EE8285B7-8273-4749-B865-1C3A584D76C8}"
EndProject
Project("{2150E333-8FDC-42A3-9474-1A3956D46DE8}") = "Infrastructure", "Infrastructure", "{38635C76-068E-4188-8B87-5C6309C00E19}"
EndProject
Project("{2150E333-8FDC-42A3-9474-1A3956D46DE8}") = "Presentation", "Presentation", "{10C65782-94F9-48A9-969D-39394EFCC917}"
EndProject
Global
	GlobalSection(SolutionConfigurationPlatforms) = preSolution
		Debug|Any CPU = Debug|Any CPU
		Release|Any CPU = Release|Any CPU
	EndGlobalSection
	GlobalSection(ProjectConfigurationPlatforms) = postSolution
		{0168B27A-307B-4C8D-BB48-164903063AEC}.Debug|Any CPU.ActiveCfg = Debug|Any CPU
		{0168B27A-307B-4C8D-BB48-164903063AEC}.Debug|Any CPU.Build.0 = Debug|Any CPU
		{0168B27A-307B-4C8D-BB48-164903063AEC}.Release|Any CPU.ActiveCfg = Release|Any CPU
		{0168B27A-307B-4C8D-BB48-164903063AEC}.Release|Any CPU.Build.0 = Release|Any CPU
		{49B6E52C-BF20-4433-99DC-6B7559FE0A88}.Debug|Any CPU.ActiveCfg = Debug|Any CPU
		{49B6E52C-BF20-4433-99DC-6B7559FE0A88}.Debug|Any CPU.Build.0 = Debug|Any CPU
		{49B6E52C-BF20-4433-99DC-6B7559FE0A88}.Release|Any CPU.ActiveCfg = Release|Any CPU
		{49B6E52C-BF20-4433-99DC-6B7559FE0A88}.Release|Any CPU.Build.0 = Release|Any CPU
		{8E0DEFC3-2326-4DE1-9C91-A068BB9C528C}.Debug|Any CPU.ActiveCfg = Debug|Any CPU
		{8E0DEFC3-2326-4DE1-9C91-A068BB9C528C}.Debug|Any CPU.Build.0 = Debug|Any CPU
		{8E0DEFC3-2326-4DE1-9C91-A068BB9C528C}.Release|Any CPU.ActiveCfg = Release|Any CPU
		{8E0DEFC3-2326-4DE1-9C91-A068BB9C528C}.Release|Any CPU.Build.0 = Release|Any CPU
		{3C69B43A-B350-48C8-B2B1-62D96D76EBAD}.Debug|Any CPU.ActiveCfg = Debug|Any CPU
		{3C69B43A-B350-48C8-B2B1-62D96D76EBAD}.Debug|Any CPU.Build.0 = Debug|Any CPU
		{3C69B43A-B350-48C8-B2B1-62D96D76EBAD}.Release|Any CPU.ActiveCfg = Release|Any CPU
		{3C69B43A-B350-48C8-B2B1-62D96D76EBAD}.Release|Any CPU.Build.0 = Release|Any CPU
	EndGlobalSection
	GlobalSection(SolutionProperties) = preSolution
		HideSolutionNode = FALSE
	EndGlobalSection
	GlobalSection(ExtensibilityGlobals) = postSolution
		SolutionGuid = {C656FBF3-0F65-4888-88A2-E43C80D1A349}
	EndGlobalSection
	GlobalSection(NestedProjects) = preSolution
		{0168B27A-307B-4C8D-BB48-164903063AEC} = {10C65782-94F9-48A9-969D-39394EFCC917}
		{49B6E52C-BF20-4433-99DC-6B7559FE0A88} = {EE8285B7-8273-4749-B865-1C3A584D76C8}
		{3C69B43A-B350-48C8-B2B1-62D96D76EBAD} = {EE8285B7-8273-4749-B865-1C3A584D76C8}
		{8E0DEFC3-2326-4DE1-9C91-A068BB9C528C} = {38635C76-068E-4188-8B87-5C6309C00E19}
	EndGlobalSection
EndGlobal
